
Microsoft Visual Studio Solution File, Format Version 12.00
# Visual Studio Version 17
VisualStudioVersion = 17.8.34309.116
MinimumVisualStudioVersion = 10.0.40219.1
Project("{9A19103F-16F7-4668-BE54-9A1E7A4F7556}") = "Identity.API", "Identity.API\Identity.API.csproj", "{C2CF109D-5E53-458B-82DC-443CFDB66E94}"
EndProject
Project("{9A19103F-16F7-4668-BE54-9A1E7A4F7556}") = "Identity.Domain", "Identity.Domain\Identity.Domain.csproj", "{34DE2125-E906-49CF-98BE-B5CCA40D36B9}"
EndProject
Project("{9A19103F-16F7-4668-BE54-9A1E7A4F7556}") = "Identity.Infrastructure", "Identity.Infrastructure\Identity.Infrastructure.csproj", "{E34C780A-2103-4A54-A57F-733DD9943A15}"
EndProject
Project("{9A19103F-16F7-4668-BE54-9A1E7A4F7556}") = "Identity.Services", "Identity.Services\Identity.Services.csproj", "{4A2B2265-128D-4A63-AD8A-F3312825D0F1}"
EndProject
Project("{2150E333-8FDC-42A3-9474-1A3956D46DE8}") = "Core", "Core", "{AF7F1B70-4DD8-43E9-B60B-D8FF4E6F30DF}"
EndProject
Project("{9A19103F-16F7-4668-BE54-9A1E7A4F7556}") = "OcelotApiGateway", "..\..\gateways\OcelotApiGateway\OcelotApiGateway.csproj", "{DB2804B6-C4C1-4149-A6D3-2AE7F2D35495}"
EndProject
Project("{2150E333-8FDC-42A3-9474-1A3956D46DE8}") = "Solution Items", "Solution Items", "{DF23E0F2-8D87-4BC5-BB96-94731679A658}"
	ProjectSection(SolutionItems) = preProject
		.editorconfig = .editorconfig
	EndProjectSection
EndProject
Project("{9A19103F-16F7-4668-BE54-9A1E7A4F7556}") = "Shared.Messages", "..\Shared.Messages\Shared.Messages.csproj", "{1C25EC70-B888-46DC-8E50-0C415AF7341B}"
EndProject
Global
	GlobalSection(SolutionConfigurationPlatforms) = preSolution
		Debug|Any CPU = Debug|Any CPU
		Release|Any CPU = Release|Any CPU
	EndGlobalSection
	GlobalSection(ProjectConfigurationPlatforms) = postSolution
		{C2CF109D-5E53-458B-82DC-443CFDB66E94}.Debug|Any CPU.ActiveCfg = Debug|Any CPU
		{C2CF109D-5E53-458B-82DC-443CFDB66E94}.Debug|Any CPU.Build.0 = Debug|Any CPU
		{C2CF109D-5E53-458B-82DC-443CFDB66E94}.Release|Any CPU.ActiveCfg = Release|Any CPU
		{C2CF109D-5E53-458B-82DC-443CFDB66E94}.Release|Any CPU.Build.0 = Release|Any CPU
		{34DE2125-E906-49CF-98BE-B5CCA40D36B9}.Debug|Any CPU.ActiveCfg = Debug|Any CPU
		{34DE2125-E906-49CF-98BE-B5CCA40D36B9}.Debug|Any CPU.Build.0 = Debug|Any CPU
		{34DE2125-E906-49CF-98BE-B5CCA40D36B9}.Release|Any CPU.ActiveCfg = Release|Any CPU
		{34DE2125-E906-49CF-98BE-B5CCA40D36B9}.Release|Any CPU.Build.0 = Release|Any CPU
		{E34C780A-2103-4A54-A57F-733DD9943A15}.Debug|Any CPU.ActiveCfg = Debug|Any CPU
		{E34C780A-2103-4A54-A57F-733DD9943A15}.Debug|Any CPU.Build.0 = Debug|Any CPU
		{E34C780A-2103-4A54-A57F-733DD9943A15}.Release|Any CPU.ActiveCfg = Release|Any CPU
		{E34C780A-2103-4A54-A57F-733DD9943A15}.Release|Any CPU.Build.0 = Release|Any CPU
		{4A2B2265-128D-4A63-AD8A-F3312825D0F1}.Debug|Any CPU.ActiveCfg = Debug|Any CPU
		{4A2B2265-128D-4A63-AD8A-F3312825D0F1}.Debug|Any CPU.Build.0 = Debug|Any CPU
		{4A2B2265-128D-4A63-AD8A-F3312825D0F1}.Release|Any CPU.ActiveCfg = Release|Any CPU
		{4A2B2265-128D-4A63-AD8A-F3312825D0F1}.Release|Any CPU.Build.0 = Release|Any CPU
		{DB2804B6-C4C1-4149-A6D3-2AE7F2D35495}.Debug|Any CPU.ActiveCfg = Debug|Any CPU
		{DB2804B6-C4C1-4149-A6D3-2AE7F2D35495}.Debug|Any CPU.Build.0 = Debug|Any CPU
		{DB2804B6-C4C1-4149-A6D3-2AE7F2D35495}.Release|Any CPU.ActiveCfg = Release|Any CPU
		{DB2804B6-C4C1-4149-A6D3-2AE7F2D35495}.Release|Any CPU.Build.0 = Release|Any CPU
		{1C25EC70-B888-46DC-8E50-0C415AF7341B}.Debug|Any CPU.ActiveCfg = Debug|Any CPU
		{1C25EC70-B888-46DC-8E50-0C415AF7341B}.Debug|Any CPU.Build.0 = Debug|Any CPU
		{1C25EC70-B888-46DC-8E50-0C415AF7341B}.Release|Any CPU.ActiveCfg = Release|Any CPU
		{1C25EC70-B888-46DC-8E50-0C415AF7341B}.Release|Any CPU.Build.0 = Release|Any CPU
	EndGlobalSection
	GlobalSection(SolutionProperties) = preSolution
		HideSolutionNode = FALSE
	EndGlobalSection
	GlobalSection(NestedProjects) = preSolution
		{34DE2125-E906-49CF-98BE-B5CCA40D36B9} = {AF7F1B70-4DD8-43E9-B60B-D8FF4E6F30DF}
		{4A2B2265-128D-4A63-AD8A-F3312825D0F1} = {AF7F1B70-4DD8-43E9-B60B-D8FF4E6F30DF}
	EndGlobalSection
	GlobalSection(ExtensibilityGlobals) = postSolution
		SolutionGuid = {9AD98CC1-143D-4AB9-8887-B15FC64130D9}
	EndGlobalSection
EndGlobal
