
Microsoft Visual Studio Solution File, Format Version 12.00
# Visual Studio Version 17
VisualStudioVersion = 17.9.34714.143
MinimumVisualStudioVersion = 10.0.40219.1
Project("{9A19103F-16F7-4668-BE54-9A1E7A4F7556}") = "Hunting.API", "Hunting.API\Hunting.API.csproj", "{5FEF214E-A39E-44D5-8548-600B339E686E}"
EndProject
Project("{2150E333-8FDC-42A3-9474-1A3956D46DE8}") = "Modules", "Modules", "{10C4783E-014C-4C4E-97F1-DD456E02E5F1}"
EndProject
Project("{2150E333-8FDC-42A3-9474-1A3956D46DE8}") = "Document", "Document", "{13B32082-ECCC-4E65-B44F-48C1E02F2D7C}"
EndProject
Project("{9A19103F-16F7-4668-BE54-9A1E7A4F7556}") = "Modules.Document.Domain", "Modules\Document\Modules.Document.Core\Modules.Document.Domain.csproj", "{0D6AD943-911D-4931-AAD1-CF4E8D71AB91}"
EndProject
Project("{9A19103F-16F7-4668-BE54-9A1E7A4F7556}") = "Modules.Document.Application", "Modules\Document\Modules.Document.Application\Modules.Document.Application.csproj", "{B1A567D4-AC02-4228-9A47-D69B31084E63}"
EndProject
Project("{9A19103F-16F7-4668-BE54-9A1E7A4F7556}") = "Hunting.Bus", "Hunting.Bus\Hunting.Bus.csproj", "{E67A3E87-5F0A-4227-AA06-0E74001B1DE6}"
EndProject
Project("{9A19103F-16F7-4668-BE54-9A1E7A4F7556}") = "Shared.Messages", "..\Shared.Messages\Shared.Messages.csproj", "{256D6561-69E8-4BFA-B846-92A0F9CD867F}"
EndProject
Project("{9A19103F-16F7-4668-BE54-9A1E7A4F7556}") = "Modules.Document.API", "Modules\Document\Modules.Document.API\Modules.Document.API.csproj", "{EEBD41B3-910C-4D6E-B47D-BF9CAD145A82}"
EndProject
Project("{9A19103F-16F7-4668-BE54-9A1E7A4F7556}") = "Modules.Document.Infrastructure", "Modules\Document\Modules.Document.Infrastructure\Modules.Document.Infrastructure.csproj", "{D596EA97-D922-407C-9910-79030F5C2EC6}"
EndProject
Project("{9A19103F-16F7-4668-BE54-9A1E7A4F7556}") = "Modules.Animal.API", "Modules\Animal\Modules.Animal.API\Modules.Animal.API.csproj", "{1B2023B1-9927-4F09-B151-DDDD7A71B027}"
EndProject
Project("{2150E333-8FDC-42A3-9474-1A3956D46DE8}") = "Animal", "Animal", "{92D6699B-C3B0-4F4B-8C2D-318BE7CA9808}"
EndProject
Project("{9A19103F-16F7-4668-BE54-9A1E7A4F7556}") = "Modules.Animal.Domain", "Modules\Animal\Modules.Animal.Core\Modules.Animal.Domain.csproj", "{D23205F4-1C6E-40C1-A188-FD251CA84816}"
EndProject
Project("{9A19103F-16F7-4668-BE54-9A1E7A4F7556}") = "Modules.Animal.Application", "Modules\Animal\Modules.Animal.Application\Modules.Animal.Application.csproj", "{9B830619-F4C1-4479-9378-7029E640B2C1}"
EndProject
Project("{9A19103F-16F7-4668-BE54-9A1E7A4F7556}") = "Modules.Animal.Infrastructure", "Modules\Animal\Modules.Animal.Infrastructure\Modules.Animal.Infrastructure.csproj", "{4B991C6B-CAC6-4816-9D0E-A236807811DF}"
EndProject
Project("{2150E333-8FDC-42A3-9474-1A3956D46DE8}") = "Core", "Core", "{95BCF66A-1637-45AD-B2B9-EE337FA1C027}"
EndProject
Project("{9A19103F-16F7-4668-BE54-9A1E7A4F7556}") = "Shared.Helpers", "..\Shared.Helpers\Shared.Helpers.csproj", "{B903D772-C059-424A-8E65-CBEC395FC2E5}"
EndProject
Project("{FAE04EC0-301F-11D3-BF4B-00C04F79EFBC}") = "Shared.Infrastructure", "Shared.Infrastructure\Shared.Infrastructure.csproj", "{1255E325-69B1-4C91-B739-45FE0741EC2B}"
EndProject
Global
	GlobalSection(SolutionConfigurationPlatforms) = preSolution
		Debug|Any CPU = Debug|Any CPU
		Release|Any CPU = Release|Any CPU
	EndGlobalSection
	GlobalSection(ProjectConfigurationPlatforms) = postSolution
		{5FEF214E-A39E-44D5-8548-600B339E686E}.Debug|Any CPU.ActiveCfg = Debug|Any CPU
		{5FEF214E-A39E-44D5-8548-600B339E686E}.Debug|Any CPU.Build.0 = Debug|Any CPU
		{5FEF214E-A39E-44D5-8548-600B339E686E}.Release|Any CPU.ActiveCfg = Release|Any CPU
		{5FEF214E-A39E-44D5-8548-600B339E686E}.Release|Any CPU.Build.0 = Release|Any CPU
		{0D6AD943-911D-4931-AAD1-CF4E8D71AB91}.Debug|Any CPU.ActiveCfg = Debug|Any CPU
		{0D6AD943-911D-4931-AAD1-CF4E8D71AB91}.Debug|Any CPU.Build.0 = Debug|Any CPU
		{0D6AD943-911D-4931-AAD1-CF4E8D71AB91}.Release|Any CPU.ActiveCfg = Release|Any CPU
		{0D6AD943-911D-4931-AAD1-CF4E8D71AB91}.Release|Any CPU.Build.0 = Release|Any CPU
		{B1A567D4-AC02-4228-9A47-D69B31084E63}.Debug|Any CPU.ActiveCfg = Debug|Any CPU
		{B1A567D4-AC02-4228-9A47-D69B31084E63}.Debug|Any CPU.Build.0 = Debug|Any CPU
		{B1A567D4-AC02-4228-9A47-D69B31084E63}.Release|Any CPU.ActiveCfg = Release|Any CPU
		{B1A567D4-AC02-4228-9A47-D69B31084E63}.Release|Any CPU.Build.0 = Release|Any CPU
		{E67A3E87-5F0A-4227-AA06-0E74001B1DE6}.Debug|Any CPU.ActiveCfg = Debug|Any CPU
		{E67A3E87-5F0A-4227-AA06-0E74001B1DE6}.Debug|Any CPU.Build.0 = Debug|Any CPU
		{E67A3E87-5F0A-4227-AA06-0E74001B1DE6}.Release|Any CPU.ActiveCfg = Release|Any CPU
		{E67A3E87-5F0A-4227-AA06-0E74001B1DE6}.Release|Any CPU.Build.0 = Release|Any CPU
		{256D6561-69E8-4BFA-B846-92A0F9CD867F}.Debug|Any CPU.ActiveCfg = Debug|Any CPU
		{256D6561-69E8-4BFA-B846-92A0F9CD867F}.Debug|Any CPU.Build.0 = Debug|Any CPU
		{256D6561-69E8-4BFA-B846-92A0F9CD867F}.Release|Any CPU.ActiveCfg = Release|Any CPU
		{256D6561-69E8-4BFA-B846-92A0F9CD867F}.Release|Any CPU.Build.0 = Release|Any CPU
		{EEBD41B3-910C-4D6E-B47D-BF9CAD145A82}.Debug|Any CPU.ActiveCfg = Debug|Any CPU
		{EEBD41B3-910C-4D6E-B47D-BF9CAD145A82}.Debug|Any CPU.Build.0 = Debug|Any CPU
		{EEBD41B3-910C-4D6E-B47D-BF9CAD145A82}.Release|Any CPU.ActiveCfg = Release|Any CPU
		{EEBD41B3-910C-4D6E-B47D-BF9CAD145A82}.Release|Any CPU.Build.0 = Release|Any CPU
		{D596EA97-D922-407C-9910-79030F5C2EC6}.Debug|Any CPU.ActiveCfg = Debug|Any CPU
		{D596EA97-D922-407C-9910-79030F5C2EC6}.Debug|Any CPU.Build.0 = Debug|Any CPU
		{D596EA97-D922-407C-9910-79030F5C2EC6}.Release|Any CPU.ActiveCfg = Release|Any CPU
		{D596EA97-D922-407C-9910-79030F5C2EC6}.Release|Any CPU.Build.0 = Release|Any CPU
		{1B2023B1-9927-4F09-B151-DDDD7A71B027}.Debug|Any CPU.ActiveCfg = Debug|Any CPU
		{1B2023B1-9927-4F09-B151-DDDD7A71B027}.Debug|Any CPU.Build.0 = Debug|Any CPU
		{1B2023B1-9927-4F09-B151-DDDD7A71B027}.Release|Any CPU.ActiveCfg = Release|Any CPU
		{1B2023B1-9927-4F09-B151-DDDD7A71B027}.Release|Any CPU.Build.0 = Release|Any CPU
		{D23205F4-1C6E-40C1-A188-FD251CA84816}.Debug|Any CPU.ActiveCfg = Debug|Any CPU
		{D23205F4-1C6E-40C1-A188-FD251CA84816}.Debug|Any CPU.Build.0 = Debug|Any CPU
		{D23205F4-1C6E-40C1-A188-FD251CA84816}.Release|Any CPU.ActiveCfg = Release|Any CPU
		{D23205F4-1C6E-40C1-A188-FD251CA84816}.Release|Any CPU.Build.0 = Release|Any CPU
		{9B830619-F4C1-4479-9378-7029E640B2C1}.Debug|Any CPU.ActiveCfg = Debug|Any CPU
		{9B830619-F4C1-4479-9378-7029E640B2C1}.Debug|Any CPU.Build.0 = Debug|Any CPU
		{9B830619-F4C1-4479-9378-7029E640B2C1}.Release|Any CPU.ActiveCfg = Release|Any CPU
		{9B830619-F4C1-4479-9378-7029E640B2C1}.Release|Any CPU.Build.0 = Release|Any CPU
		{4B991C6B-CAC6-4816-9D0E-A236807811DF}.Debug|Any CPU.ActiveCfg = Debug|Any CPU
		{4B991C6B-CAC6-4816-9D0E-A236807811DF}.Debug|Any CPU.Build.0 = Debug|Any CPU
		{4B991C6B-CAC6-4816-9D0E-A236807811DF}.Release|Any CPU.ActiveCfg = Release|Any CPU
		{4B991C6B-CAC6-4816-9D0E-A236807811DF}.Release|Any CPU.Build.0 = Release|Any CPU
		{B903D772-C059-424A-8E65-CBEC395FC2E5}.Debug|Any CPU.ActiveCfg = Debug|Any CPU
		{B903D772-C059-424A-8E65-CBEC395FC2E5}.Debug|Any CPU.Build.0 = Debug|Any CPU
		{B903D772-C059-424A-8E65-CBEC395FC2E5}.Release|Any CPU.ActiveCfg = Release|Any CPU
		{B903D772-C059-424A-8E65-CBEC395FC2E5}.Release|Any CPU.Build.0 = Release|Any CPU
		{1255E325-69B1-4C91-B739-45FE0741EC2B}.Debug|Any CPU.ActiveCfg = Debug|Any CPU
		{1255E325-69B1-4C91-B739-45FE0741EC2B}.Debug|Any CPU.Build.0 = Debug|Any CPU
		{1255E325-69B1-4C91-B739-45FE0741EC2B}.Release|Any CPU.ActiveCfg = Release|Any CPU
		{1255E325-69B1-4C91-B739-45FE0741EC2B}.Release|Any CPU.Build.0 = Release|Any CPU
	EndGlobalSection
	GlobalSection(SolutionProperties) = preSolution
		HideSolutionNode = FALSE
	EndGlobalSection
	GlobalSection(NestedProjects) = preSolution
		{13B32082-ECCC-4E65-B44F-48C1E02F2D7C} = {10C4783E-014C-4C4E-97F1-DD456E02E5F1}
		{0D6AD943-911D-4931-AAD1-CF4E8D71AB91} = {13B32082-ECCC-4E65-B44F-48C1E02F2D7C}
		{B1A567D4-AC02-4228-9A47-D69B31084E63} = {13B32082-ECCC-4E65-B44F-48C1E02F2D7C}
		{EEBD41B3-910C-4D6E-B47D-BF9CAD145A82} = {13B32082-ECCC-4E65-B44F-48C1E02F2D7C}
		{D596EA97-D922-407C-9910-79030F5C2EC6} = {13B32082-ECCC-4E65-B44F-48C1E02F2D7C}
		{1B2023B1-9927-4F09-B151-DDDD7A71B027} = {92D6699B-C3B0-4F4B-8C2D-318BE7CA9808}
		{92D6699B-C3B0-4F4B-8C2D-318BE7CA9808} = {10C4783E-014C-4C4E-97F1-DD456E02E5F1}
		{D23205F4-1C6E-40C1-A188-FD251CA84816} = {95BCF66A-1637-45AD-B2B9-EE337FA1C027}
		{9B830619-F4C1-4479-9378-7029E640B2C1} = {95BCF66A-1637-45AD-B2B9-EE337FA1C027}
		{4B991C6B-CAC6-4816-9D0E-A236807811DF} = {92D6699B-C3B0-4F4B-8C2D-318BE7CA9808}
		{95BCF66A-1637-45AD-B2B9-EE337FA1C027} = {92D6699B-C3B0-4F4B-8C2D-318BE7CA9808}
	EndGlobalSection
	GlobalSection(ExtensibilityGlobals) = postSolution
		SolutionGuid = {8527AB43-ED51-4C77-AC18-AA5AC81654D9}
	EndGlobalSection
EndGlobal
