
Microsoft Visual Studio Solution File, Format Version 12.00
# Visual Studio Version 17
VisualStudioVersion = 17.9.34714.143
MinimumVisualStudioVersion = 10.0.40219.1
Project("{9A19103F-16F7-4668-BE54-9A1E7A4F7556}") = "Hunting.API", "Hunting.API\Hunting.API.csproj", "{5FEF214E-A39E-44D5-8548-600B339E686E}"
EndProject
Project("{2150E333-8FDC-42A3-9474-1A3956D46DE8}") = "Modules", "Modules", "{10C4783E-014C-4C4E-97F1-DD456E02E5F1}"
EndProject
Project("{2150E333-8FDC-42A3-9474-1A3956D46DE8}") = "Document", "Document", "{13B32082-ECCC-4E65-B44F-48C1E02F2D7C}"
EndProject
Project("{9A19103F-16F7-4668-BE54-9A1E7A4F7556}") = "Modules.Document.Domain", "Modules\Document\Modules.Document.Core\Modules.Document.Domain.csproj", "{0D6AD943-911D-4931-AAD1-CF4E8D71AB91}"
EndProject
Project("{9A19103F-16F7-4668-BE54-9A1E7A4F7556}") = "Modules.Document.Application", "Modules\Document\Modules.Document.Application\Modules.Document.Application.csproj", "{B1A567D4-AC02-4228-9A47-D69B31084E63}"
EndProject
Project("{9A19103F-16F7-4668-BE54-9A1E7A4F7556}") = "Hunting.Bus", "Hunting.Bus\Hunting.Bus.csproj", "{E67A3E87-5F0A-4227-AA06-0E74001B1DE6}"
EndProject
Project("{9A19103F-16F7-4668-BE54-9A1E7A4F7556}") = "Shared.Messages", "..\Shared.Messages\Shared.Messages.csproj", "{256D6561-69E8-4BFA-B846-92A0F9CD867F}"
EndProject
Project("{9A19103F-16F7-4668-BE54-9A1E7A4F7556}") = "Modules.Document.API", "Modules\Document\Modules.Document.API\Modules.Document.API.csproj", "{EEBD41B3-910C-4D6E-B47D-BF9CAD145A82}"
EndProject
Project("{9A19103F-16F7-4668-BE54-9A1E7A4F7556}") = "Modules.Document.Infrastructure", "Modules\Document\Modules.Document.Infrastructure\Modules.Document.Infrastructure.csproj", "{D596EA97-D922-407C-9910-79030F5C2EC6}"
EndProject
Project("{9A19103F-16F7-4668-BE54-9A1E7A4F7556}") = "Modules.Animal.API", "Modules\Animal\Modules.Animal.API\Modules.Animal.API.csproj", "{1B2023B1-9927-4F09-B151-DDDD7A71B027}"
EndProject
Project("{2150E333-8FDC-42A3-9474-1A3956D46DE8}") = "Animal", "Animal", "{92D6699B-C3B0-4F4B-8C2D-318BE7CA9808}"
EndProject
Project("{9A19103F-16F7-4668-BE54-9A1E7A4F7556}") = "Modules.Animal.Application", "Modules\Animal\Modules.Animal.Application\Modules.Animal.Application.csproj", "{9B830619-F4C1-4479-9378-7029E640B2C1}"
EndProject
Project("{9A19103F-16F7-4668-BE54-9A1E7A4F7556}") = "Modules.Animal.Infrastructure", "Modules\Animal\Modules.Animal.Infrastructure\Modules.Animal.Infrastructure.csproj", "{4B991C6B-CAC6-4816-9D0E-A236807811DF}"
EndProject
Project("{2150E333-8FDC-42A3-9474-1A3956D46DE8}") = "Core", "Core", "{95BCF66A-1637-45AD-B2B9-EE337FA1C027}"
EndProject
Project("{9A19103F-16F7-4668-BE54-9A1E7A4F7556}") = "Shared.Helpers", "..\Shared.Helpers\Shared.Helpers.csproj", "{B903D772-C059-424A-8E65-CBEC395FC2E5}"
EndProject
Project("{9A19103F-16F7-4668-BE54-9A1E7A4F7556}") = "Shared.Infrastructure", "Shared.Infrastructure\Shared.Infrastructure.csproj", "{1255E325-69B1-4C91-B739-45FE0741EC2B}"
EndProject
Project("{2150E333-8FDC-42A3-9474-1A3956D46DE8}") = "Shared", "Shared", "{A047E26B-0A58-4847-9442-AC50D0EE7620}"
EndProject
Project("{9A19103F-16F7-4668-BE54-9A1E7A4F7556}") = "OcelotApiGateway", "..\..\gateways\OcelotApiGateway\OcelotApiGateway.csproj", "{9A22439D-558E-43AC-BD08-BF03FC246DD6}"
EndProject
Project("{9A19103F-16F7-4668-BE54-9A1E7A4F7556}") = "Shared.Redis", "..\Shared.Redis\Shared.Redis.csproj", "{14CC3777-B896-46E0-8FAA-6A72D410DE34}"
EndProject
Project("{9A19103F-16F7-4668-BE54-9A1E7A4F7556}") = "Modules.Animal.Domain", "Modules\Animal\Modules.Animal.Domain\Modules.Animal.Domain.csproj", "{F3EDD9AD-B189-4821-BD08-B9E2E4FC049A}"
EndProject
Project("{9A19103F-16F7-4668-BE54-9A1E7A4F7556}") = "Identity.API", "..\Identity\Identity.API\Identity.API.csproj", "{45A4A310-3A1D-4FB7-8F67-882D3AC97623}"
EndProject
Project("{2150E333-8FDC-42A3-9474-1A3956D46DE8}") = "Core", "Core", "{501971B0-871D-4960-B4A2-BC33EC9E823C}"
EndProject
Project("{9A19103F-16F7-4668-BE54-9A1E7A4F7556}") = "Identity.Services", "..\Identity\Identity.Services\Identity.Services.csproj", "{DFB21D48-D86B-427E-8D36-163960C12513}"
EndProject
Project("{9A19103F-16F7-4668-BE54-9A1E7A4F7556}") = "Payment.Domain", "Modules\Payment\Payment.Domain\Payment.Domain.csproj", "{61B1FA15-B953-4656-9E5D-2F092CE33614}"
EndProject
Project("{2150E333-8FDC-42A3-9474-1A3956D46DE8}") = "Payment", "Payment", "{6404C795-D6D5-40E2-96C9-EBEF08490802}"
EndProject
Project("{2150E333-8FDC-42A3-9474-1A3956D46DE8}") = "Core", "Core", "{51D43ED0-E652-4F96-9506-628DF0994719}"
EndProject
Project("{9A19103F-16F7-4668-BE54-9A1E7A4F7556}") = "Payment.Application", "Modules\Payment\Payment.Application\Payment.Application.csproj", "{8516A70A-2931-4116-B48F-962D47E9FA50}"
EndProject
Project("{9A19103F-16F7-4668-BE54-9A1E7A4F7556}") = "Payment.API", "Modules\Payment\Payment.API\Payment.API.csproj", "{52B09EC0-517E-4993-A376-3089CD430160}"
EndProject
Project("{2150E333-8FDC-42A3-9474-1A3956D46DE8}") = "Rent", "Rent", "{98AEAF07-B752-448E-B720-D2AAEA4D8E0C}"
EndProject
Project("{FAE04EC0-301F-11D3-BF4B-00C04F79EFBC}") = "Rent.Domain", "Modules\Rent\Rent.Domain\Rent.Domain.csproj", "{561435B0-8095-4A1B-BD62-650D98154ABF}"
EndProject
Project("{FAE04EC0-301F-11D3-BF4B-00C04F79EFBC}") = "Rent.Infrastructure", "Modules\Rent\Rent.Infrastructure\Rent.Infrastructure.csproj", "{757D8675-EAE6-4ECC-948C-CB295B300A73}"
EndProject
Project("{2150E333-8FDC-42A3-9474-1A3956D46DE8}") = "Core", "Core", "{A7F2860E-CDBF-4751-B19B-EA7DF6CA1704}"
EndProject
Project("{FAE04EC0-301F-11D3-BF4B-00C04F79EFBC}") = "Rent.Application", "Modules\Rent\Rent.Application\Rent.Application.csproj", "{0AEB7316-CC36-448B-A31C-06988501EA09}"
EndProject
Project("{FAE04EC0-301F-11D3-BF4B-00C04F79EFBC}") = "Rent.API", "Modules\Rent\Rent.API\Rent.API.csproj", "{CE9BB191-8620-4B70-8D33-205D311DB169}"
EndProject
Global
	GlobalSection(SolutionConfigurationPlatforms) = preSolution
		Debug|Any CPU = Debug|Any CPU
		Release|Any CPU = Release|Any CPU
	EndGlobalSection
	GlobalSection(ProjectConfigurationPlatforms) = postSolution
		{5FEF214E-A39E-44D5-8548-600B339E686E}.Debug|Any CPU.ActiveCfg = Debug|Any CPU
		{5FEF214E-A39E-44D5-8548-600B339E686E}.Debug|Any CPU.Build.0 = Debug|Any CPU
		{5FEF214E-A39E-44D5-8548-600B339E686E}.Release|Any CPU.ActiveCfg = Release|Any CPU
		{5FEF214E-A39E-44D5-8548-600B339E686E}.Release|Any CPU.Build.0 = Release|Any CPU
		{0D6AD943-911D-4931-AAD1-CF4E8D71AB91}.Debug|Any CPU.ActiveCfg = Debug|Any CPU
		{0D6AD943-911D-4931-AAD1-CF4E8D71AB91}.Debug|Any CPU.Build.0 = Debug|Any CPU
		{0D6AD943-911D-4931-AAD1-CF4E8D71AB91}.Release|Any CPU.ActiveCfg = Release|Any CPU
		{0D6AD943-911D-4931-AAD1-CF4E8D71AB91}.Release|Any CPU.Build.0 = Release|Any CPU
		{B1A567D4-AC02-4228-9A47-D69B31084E63}.Debug|Any CPU.ActiveCfg = Debug|Any CPU
		{B1A567D4-AC02-4228-9A47-D69B31084E63}.Debug|Any CPU.Build.0 = Debug|Any CPU
		{B1A567D4-AC02-4228-9A47-D69B31084E63}.Release|Any CPU.ActiveCfg = Release|Any CPU
		{B1A567D4-AC02-4228-9A47-D69B31084E63}.Release|Any CPU.Build.0 = Release|Any CPU
		{E67A3E87-5F0A-4227-AA06-0E74001B1DE6}.Debug|Any CPU.ActiveCfg = Debug|Any CPU
		{E67A3E87-5F0A-4227-AA06-0E74001B1DE6}.Debug|Any CPU.Build.0 = Debug|Any CPU
		{E67A3E87-5F0A-4227-AA06-0E74001B1DE6}.Release|Any CPU.ActiveCfg = Release|Any CPU
		{E67A3E87-5F0A-4227-AA06-0E74001B1DE6}.Release|Any CPU.Build.0 = Release|Any CPU
		{256D6561-69E8-4BFA-B846-92A0F9CD867F}.Debug|Any CPU.ActiveCfg = Debug|Any CPU
		{256D6561-69E8-4BFA-B846-92A0F9CD867F}.Debug|Any CPU.Build.0 = Debug|Any CPU
		{256D6561-69E8-4BFA-B846-92A0F9CD867F}.Release|Any CPU.ActiveCfg = Release|Any CPU
		{256D6561-69E8-4BFA-B846-92A0F9CD867F}.Release|Any CPU.Build.0 = Release|Any CPU
		{EEBD41B3-910C-4D6E-B47D-BF9CAD145A82}.Debug|Any CPU.ActiveCfg = Debug|Any CPU
		{EEBD41B3-910C-4D6E-B47D-BF9CAD145A82}.Debug|Any CPU.Build.0 = Debug|Any CPU
		{EEBD41B3-910C-4D6E-B47D-BF9CAD145A82}.Release|Any CPU.ActiveCfg = Release|Any CPU
		{EEBD41B3-910C-4D6E-B47D-BF9CAD145A82}.Release|Any CPU.Build.0 = Release|Any CPU
		{D596EA97-D922-407C-9910-79030F5C2EC6}.Debug|Any CPU.ActiveCfg = Debug|Any CPU
		{D596EA97-D922-407C-9910-79030F5C2EC6}.Debug|Any CPU.Build.0 = Debug|Any CPU
		{D596EA97-D922-407C-9910-79030F5C2EC6}.Release|Any CPU.ActiveCfg = Release|Any CPU
		{D596EA97-D922-407C-9910-79030F5C2EC6}.Release|Any CPU.Build.0 = Release|Any CPU
		{1B2023B1-9927-4F09-B151-DDDD7A71B027}.Debug|Any CPU.ActiveCfg = Debug|Any CPU
		{1B2023B1-9927-4F09-B151-DDDD7A71B027}.Debug|Any CPU.Build.0 = Debug|Any CPU
		{1B2023B1-9927-4F09-B151-DDDD7A71B027}.Release|Any CPU.ActiveCfg = Release|Any CPU
		{1B2023B1-9927-4F09-B151-DDDD7A71B027}.Release|Any CPU.Build.0 = Release|Any CPU
		{9B830619-F4C1-4479-9378-7029E640B2C1}.Debug|Any CPU.ActiveCfg = Debug|Any CPU
		{9B830619-F4C1-4479-9378-7029E640B2C1}.Debug|Any CPU.Build.0 = Debug|Any CPU
		{9B830619-F4C1-4479-9378-7029E640B2C1}.Release|Any CPU.ActiveCfg = Release|Any CPU
		{9B830619-F4C1-4479-9378-7029E640B2C1}.Release|Any CPU.Build.0 = Release|Any CPU
		{4B991C6B-CAC6-4816-9D0E-A236807811DF}.Debug|Any CPU.ActiveCfg = Debug|Any CPU
		{4B991C6B-CAC6-4816-9D0E-A236807811DF}.Debug|Any CPU.Build.0 = Debug|Any CPU
		{4B991C6B-CAC6-4816-9D0E-A236807811DF}.Release|Any CPU.ActiveCfg = Release|Any CPU
		{4B991C6B-CAC6-4816-9D0E-A236807811DF}.Release|Any CPU.Build.0 = Release|Any CPU
		{B903D772-C059-424A-8E65-CBEC395FC2E5}.Debug|Any CPU.ActiveCfg = Debug|Any CPU
		{B903D772-C059-424A-8E65-CBEC395FC2E5}.Debug|Any CPU.Build.0 = Debug|Any CPU
		{B903D772-C059-424A-8E65-CBEC395FC2E5}.Release|Any CPU.ActiveCfg = Release|Any CPU
		{B903D772-C059-424A-8E65-CBEC395FC2E5}.Release|Any CPU.Build.0 = Release|Any CPU
		{1255E325-69B1-4C91-B739-45FE0741EC2B}.Debug|Any CPU.ActiveCfg = Debug|Any CPU
		{1255E325-69B1-4C91-B739-45FE0741EC2B}.Debug|Any CPU.Build.0 = Debug|Any CPU
		{1255E325-69B1-4C91-B739-45FE0741EC2B}.Release|Any CPU.ActiveCfg = Release|Any CPU
		{1255E325-69B1-4C91-B739-45FE0741EC2B}.Release|Any CPU.Build.0 = Release|Any CPU
		{9A22439D-558E-43AC-BD08-BF03FC246DD6}.Debug|Any CPU.ActiveCfg = Debug|Any CPU
		{9A22439D-558E-43AC-BD08-BF03FC246DD6}.Debug|Any CPU.Build.0 = Debug|Any CPU
		{9A22439D-558E-43AC-BD08-BF03FC246DD6}.Release|Any CPU.ActiveCfg = Release|Any CPU
		{9A22439D-558E-43AC-BD08-BF03FC246DD6}.Release|Any CPU.Build.0 = Release|Any CPU
		{14CC3777-B896-46E0-8FAA-6A72D410DE34}.Debug|Any CPU.ActiveCfg = Debug|Any CPU
		{14CC3777-B896-46E0-8FAA-6A72D410DE34}.Debug|Any CPU.Build.0 = Debug|Any CPU
		{14CC3777-B896-46E0-8FAA-6A72D410DE34}.Release|Any CPU.ActiveCfg = Release|Any CPU
		{14CC3777-B896-46E0-8FAA-6A72D410DE34}.Release|Any CPU.Build.0 = Release|Any CPU
		{F3EDD9AD-B189-4821-BD08-B9E2E4FC049A}.Debug|Any CPU.ActiveCfg = Debug|Any CPU
		{F3EDD9AD-B189-4821-BD08-B9E2E4FC049A}.Debug|Any CPU.Build.0 = Debug|Any CPU
		{F3EDD9AD-B189-4821-BD08-B9E2E4FC049A}.Release|Any CPU.ActiveCfg = Release|Any CPU
		{F3EDD9AD-B189-4821-BD08-B9E2E4FC049A}.Release|Any CPU.Build.0 = Release|Any CPU
		{45A4A310-3A1D-4FB7-8F67-882D3AC97623}.Debug|Any CPU.ActiveCfg = Debug|Any CPU
		{45A4A310-3A1D-4FB7-8F67-882D3AC97623}.Debug|Any CPU.Build.0 = Debug|Any CPU
		{45A4A310-3A1D-4FB7-8F67-882D3AC97623}.Release|Any CPU.ActiveCfg = Release|Any CPU
		{45A4A310-3A1D-4FB7-8F67-882D3AC97623}.Release|Any CPU.Build.0 = Release|Any CPU
		{DFB21D48-D86B-427E-8D36-163960C12513}.Debug|Any CPU.ActiveCfg = Debug|Any CPU
		{DFB21D48-D86B-427E-8D36-163960C12513}.Debug|Any CPU.Build.0 = Debug|Any CPU
		{DFB21D48-D86B-427E-8D36-163960C12513}.Release|Any CPU.ActiveCfg = Release|Any CPU
		{DFB21D48-D86B-427E-8D36-163960C12513}.Release|Any CPU.Build.0 = Release|Any CPU
		{61B1FA15-B953-4656-9E5D-2F092CE33614}.Debug|Any CPU.ActiveCfg = Debug|Any CPU
		{61B1FA15-B953-4656-9E5D-2F092CE33614}.Debug|Any CPU.Build.0 = Debug|Any CPU
		{61B1FA15-B953-4656-9E5D-2F092CE33614}.Release|Any CPU.ActiveCfg = Release|Any CPU
		{61B1FA15-B953-4656-9E5D-2F092CE33614}.Release|Any CPU.Build.0 = Release|Any CPU
		{8516A70A-2931-4116-B48F-962D47E9FA50}.Debug|Any CPU.ActiveCfg = Debug|Any CPU
		{8516A70A-2931-4116-B48F-962D47E9FA50}.Debug|Any CPU.Build.0 = Debug|Any CPU
		{8516A70A-2931-4116-B48F-962D47E9FA50}.Release|Any CPU.ActiveCfg = Release|Any CPU
		{8516A70A-2931-4116-B48F-962D47E9FA50}.Release|Any CPU.Build.0 = Release|Any CPU
		{52B09EC0-517E-4993-A376-3089CD430160}.Debug|Any CPU.ActiveCfg = Debug|Any CPU
		{52B09EC0-517E-4993-A376-3089CD430160}.Debug|Any CPU.Build.0 = Debug|Any CPU
		{52B09EC0-517E-4993-A376-3089CD430160}.Release|Any CPU.ActiveCfg = Release|Any CPU
		{52B09EC0-517E-4993-A376-3089CD430160}.Release|Any CPU.Build.0 = Release|Any CPU
		{561435B0-8095-4A1B-BD62-650D98154ABF}.Debug|Any CPU.ActiveCfg = Debug|Any CPU
		{561435B0-8095-4A1B-BD62-650D98154ABF}.Debug|Any CPU.Build.0 = Debug|Any CPU
		{561435B0-8095-4A1B-BD62-650D98154ABF}.Release|Any CPU.ActiveCfg = Release|Any CPU
		{561435B0-8095-4A1B-BD62-650D98154ABF}.Release|Any CPU.Build.0 = Release|Any CPU
		{757D8675-EAE6-4ECC-948C-CB295B300A73}.Debug|Any CPU.ActiveCfg = Debug|Any CPU
		{757D8675-EAE6-4ECC-948C-CB295B300A73}.Debug|Any CPU.Build.0 = Debug|Any CPU
		{757D8675-EAE6-4ECC-948C-CB295B300A73}.Release|Any CPU.ActiveCfg = Release|Any CPU
		{757D8675-EAE6-4ECC-948C-CB295B300A73}.Release|Any CPU.Build.0 = Release|Any CPU
		{0AEB7316-CC36-448B-A31C-06988501EA09}.Debug|Any CPU.ActiveCfg = Debug|Any CPU
		{0AEB7316-CC36-448B-A31C-06988501EA09}.Debug|Any CPU.Build.0 = Debug|Any CPU
		{0AEB7316-CC36-448B-A31C-06988501EA09}.Release|Any CPU.ActiveCfg = Release|Any CPU
		{0AEB7316-CC36-448B-A31C-06988501EA09}.Release|Any CPU.Build.0 = Release|Any CPU
		{CE9BB191-8620-4B70-8D33-205D311DB169}.Debug|Any CPU.ActiveCfg = Debug|Any CPU
		{CE9BB191-8620-4B70-8D33-205D311DB169}.Debug|Any CPU.Build.0 = Debug|Any CPU
		{CE9BB191-8620-4B70-8D33-205D311DB169}.Release|Any CPU.ActiveCfg = Release|Any CPU
		{CE9BB191-8620-4B70-8D33-205D311DB169}.Release|Any CPU.Build.0 = Release|Any CPU
	EndGlobalSection
	GlobalSection(SolutionProperties) = preSolution
		HideSolutionNode = FALSE
	EndGlobalSection
	GlobalSection(NestedProjects) = preSolution
		{13B32082-ECCC-4E65-B44F-48C1E02F2D7C} = {10C4783E-014C-4C4E-97F1-DD456E02E5F1}
		{0D6AD943-911D-4931-AAD1-CF4E8D71AB91} = {501971B0-871D-4960-B4A2-BC33EC9E823C}
		{B1A567D4-AC02-4228-9A47-D69B31084E63} = {501971B0-871D-4960-B4A2-BC33EC9E823C}
		{256D6561-69E8-4BFA-B846-92A0F9CD867F} = {A047E26B-0A58-4847-9442-AC50D0EE7620}
		{EEBD41B3-910C-4D6E-B47D-BF9CAD145A82} = {13B32082-ECCC-4E65-B44F-48C1E02F2D7C}
		{D596EA97-D922-407C-9910-79030F5C2EC6} = {13B32082-ECCC-4E65-B44F-48C1E02F2D7C}
		{1B2023B1-9927-4F09-B151-DDDD7A71B027} = {92D6699B-C3B0-4F4B-8C2D-318BE7CA9808}
		{92D6699B-C3B0-4F4B-8C2D-318BE7CA9808} = {10C4783E-014C-4C4E-97F1-DD456E02E5F1}
		{9B830619-F4C1-4479-9378-7029E640B2C1} = {95BCF66A-1637-45AD-B2B9-EE337FA1C027}
		{4B991C6B-CAC6-4816-9D0E-A236807811DF} = {92D6699B-C3B0-4F4B-8C2D-318BE7CA9808}
		{95BCF66A-1637-45AD-B2B9-EE337FA1C027} = {92D6699B-C3B0-4F4B-8C2D-318BE7CA9808}
		{B903D772-C059-424A-8E65-CBEC395FC2E5} = {A047E26B-0A58-4847-9442-AC50D0EE7620}
		{1255E325-69B1-4C91-B739-45FE0741EC2B} = {A047E26B-0A58-4847-9442-AC50D0EE7620}
		{14CC3777-B896-46E0-8FAA-6A72D410DE34} = {A047E26B-0A58-4847-9442-AC50D0EE7620}
		{F3EDD9AD-B189-4821-BD08-B9E2E4FC049A} = {95BCF66A-1637-45AD-B2B9-EE337FA1C027}
		{501971B0-871D-4960-B4A2-BC33EC9E823C} = {13B32082-ECCC-4E65-B44F-48C1E02F2D7C}
		{61B1FA15-B953-4656-9E5D-2F092CE33614} = {51D43ED0-E652-4F96-9506-628DF0994719}
		{6404C795-D6D5-40E2-96C9-EBEF08490802} = {10C4783E-014C-4C4E-97F1-DD456E02E5F1}
		{51D43ED0-E652-4F96-9506-628DF0994719} = {6404C795-D6D5-40E2-96C9-EBEF08490802}
		{8516A70A-2931-4116-B48F-962D47E9FA50} = {51D43ED0-E652-4F96-9506-628DF0994719}
		{52B09EC0-517E-4993-A376-3089CD430160} = {6404C795-D6D5-40E2-96C9-EBEF08490802}
		{98AEAF07-B752-448E-B720-D2AAEA4D8E0C} = {10C4783E-014C-4C4E-97F1-DD456E02E5F1}
		{561435B0-8095-4A1B-BD62-650D98154ABF} = {A7F2860E-CDBF-4751-B19B-EA7DF6CA1704}
		{757D8675-EAE6-4ECC-948C-CB295B300A73} = {98AEAF07-B752-448E-B720-D2AAEA4D8E0C}
		{A7F2860E-CDBF-4751-B19B-EA7DF6CA1704} = {98AEAF07-B752-448E-B720-D2AAEA4D8E0C}
		{0AEB7316-CC36-448B-A31C-06988501EA09} = {A7F2860E-CDBF-4751-B19B-EA7DF6CA1704}
		{CE9BB191-8620-4B70-8D33-205D311DB169} = {98AEAF07-B752-448E-B720-D2AAEA4D8E0C}
	EndGlobalSection
	GlobalSection(ExtensibilityGlobals) = postSolution
		SolutionGuid = {8527AB43-ED51-4C77-AC18-AA5AC81654D9}
	EndGlobalSection
EndGlobal
